{
    "_readme": [
        "This file locks the dependencies of your project to a known state",
        "Read more about it at https://getcomposer.org/doc/01-basic-usage.md#installing-dependencies",
        "This file is @generated automatically"
    ],
    "content-hash": "26ecca8a3e22d020b4e66880dac0fbf7",
    "packages": [
        {
            "name": "fennb/phirehose",
            "version": "v1.0.1",
            "source": {
                "type": "git",
                "url": "https://github.com/fennb/phirehose.git",
                "reference": "63d638473bf8e9e70f0bfc7785a6b557594d17c8"
            },
            "dist": {
                "type": "zip",
                "url": "https://api.github.com/repos/fennb/phirehose/zipball/63d638473bf8e9e70f0bfc7785a6b557594d17c8",
                "reference": "63d638473bf8e9e70f0bfc7785a6b557594d17c8",
                "shasum": ""
            },
            "require": {
                "php": ">=5.2.0"
            },
            "type": "library",
            "autoload": {
                "classmap": [
                    "lib"
                ]
            },
            "notification-url": "https://packagist.org/downloads/",
            "license": [
                "GPL"
            ],
            "authors": [
                {
                    "name": "Fenn Bailey",
                    "homepage": "http://fennb.com/"
                }
            ],
            "description": "A PHP interface to the Twitter Streaming API.",
            "homepage": "https://github.com/fennb/phirehose",
            "keywords": [
                "api",
                "phirehose",
                "php",
                "streaming",
                "twitter"
            ],
            "time": "2014-09-30T23:30:52+00:00"
        },
        {
            "name": "firehed/processmanager",
            "version": "dev-master",
            "source": {
                "type": "git",
                "url": "https://github.com/Firehed/ProcessManager.git",
                "reference": "84a48c7689a5dba559bf83afcc27e7451d96b5b3"
            },
            "dist": {
                "type": "zip",
                "url": "https://api.github.com/repos/Firehed/ProcessManager/zipball/84a48c7689a5dba559bf83afcc27e7451d96b5b3",
                "reference": "84a48c7689a5dba559bf83afcc27e7451d96b5b3",
                "shasum": ""
            },
            "require": {
                "ext-pcntl": "*",
                "ext-posix": "*",
                "php": ">=5.4.0",
                "psr/log": ">=1.0.0"
            },
            "type": "library",
            "autoload": {
                "psr-4": {
                    "Firehed\\ProcessControl\\": "src/"
                }
            },
            "notification-url": "https://packagist.org/downloads/",
            "license": [
                "MIT"
            ],
            "description": "Simple base for daemonized wokers",
            "time": "2019-02-26T20:25:47+00:00"
        },
        {
            "name": "psr/log",
            "version": "1.1.0",
            "source": {
                "type": "git",
                "url": "https://github.com/php-fig/log.git",
                "reference": "6c001f1daafa3a3ac1d8ff69ee4db8e799a654dd"
            },
            "dist": {
                "type": "zip",
                "url": "https://api.github.com/repos/php-fig/log/zipball/6c001f1daafa3a3ac1d8ff69ee4db8e799a654dd",
                "reference": "6c001f1daafa3a3ac1d8ff69ee4db8e799a654dd",
                "shasum": ""
            },
            "require": {
                "php": ">=5.3.0"
            },
            "type": "library",
            "extra": {
                "branch-alias": {
                    "dev-master": "1.0.x-dev"
                }
            },
            "autoload": {
                "psr-4": {
                    "Psr\\Log\\": "Psr/Log/"
                }
            },
            "notification-url": "https://packagist.org/downloads/",
            "license": [
                "MIT"
            ],
            "authors": [
                {
                    "name": "PHP-FIG",
                    "homepage": "http://www.php-fig.org/"
                }
            ],
            "description": "Common interface for logging libraries",
            "homepage": "https://github.com/php-fig/log",
            "keywords": [
                "log",
                "psr",
                "psr-3"
            ],
            "time": "2018-11-20T15:27:04+00:00"
        }
    ],
    "packages-dev": [],
    "aliases": [],
    "minimum-stability": "stable",
    "stability-flags": {
        "firehed/processmanager": 20
    },
    "prefer-stable": false,
    "prefer-lowest": false,
    "platform": {
        "php": ">=5.5.19"
    },
    "platform-dev": [],
    "platform-overrides": {
        "ext-apcu": "7",
        "ext-imagick": "7",
        "ext-memcached": "7"
    }
}
